
Microsoft Visual Studio Solution File, Format Version 12.00
Project("{FAE04EC0-301F-11D3-BF4B-00C04F79EFBC}") = "h20auctions", "h20auctions.csproj", "{1966FCE7-A03B-40C7-90DE-B8FE3B531791}"
EndProject
Global
	GlobalSection(SolutionConfigurationPlatforms) = preSolution
		Debug|Any CPU = Debug|Any CPU
		Release|Any CPU = Release|Any CPU
	EndGlobalSection
	GlobalSection(ProjectConfigurationPlatforms) = postSolution
		{1966FCE7-A03B-40C7-90DE-B8FE3B531791}.Debug|Any CPU.ActiveCfg = Debug|Any CPU
		{1966FCE7-A03B-40C7-90DE-B8FE3B531791}.Debug|Any CPU.Build.0 = Debug|Any CPU
		{1966FCE7-A03B-40C7-90DE-B8FE3B531791}.Release|Any CPU.ActiveCfg = Release|Any CPU
		{1966FCE7-A03B-40C7-90DE-B8FE3B531791}.Release|Any CPU.Build.0 = Release|Any CPU
	EndGlobalSection
EndGlobal
